
Microsoft Visual Studio Solution File, Format Version 12.00
# Visual Studio Version 16
VisualStudioVersion = 16.0.31702.278
MinimumVisualStudioVersion = 10.0.40219.1
Project("{FAE04EC0-301F-11D3-BF4B-00C04F79EFBC}") = "EntityFrameWork_CrudDemo", "EntityFrameWork_CrudDemo.csproj", "{866B76D4-4BBD-4217-8731-131A8E5AB317}"
EndProject
Global
	GlobalSection(SolutionConfigurationPlatforms) = preSolution
		Debug|Any CPU = Debug|Any CPU
		Release|Any CPU = Release|Any CPU
	EndGlobalSection
	GlobalSection(ProjectConfigurationPlatforms) = postSolution
		{866B76D4-4BBD-4217-8731-131A8E5AB317}.Debug|Any CPU.ActiveCfg = Debug|Any CPU
		{866B76D4-4BBD-4217-8731-131A8E5AB317}.Debug|Any CPU.Build.0 = Debug|Any CPU
		{866B76D4-4BBD-4217-8731-131A8E5AB317}.Release|Any CPU.ActiveCfg = Release|Any CPU
		{866B76D4-4BBD-4217-8731-131A8E5AB317}.Release|Any CPU.Build.0 = Release|Any CPU
	EndGlobalSection
	GlobalSection(SolutionProperties) = preSolution
		HideSolutionNode = FALSE
	EndGlobalSection
	GlobalSection(ExtensibilityGlobals) = postSolution
		SolutionGuid = {A4FAD2FA-5CF4-44BB-95F1-21C003D3527F}
	EndGlobalSection
EndGlobal
